// !$*UTF8*$!
{
	archiveVersion = 1;
	classes = {
	};
	objectVersion = 50;
	objects = {

/* Begin PBXBuildFile section */
		E94D2AFB22B7A81500FF4AD5 /* DKDMessage+Transform.m in Sources */ = {isa = PBXBuildFile; fileRef = E94D2AED22B7A81300FF4AD5 /* DKDMessage+Transform.m */; };
		E94D2AFC22B7A81500FF4AD5 /* DKDSecureMessage.m in Sources */ = {isa = PBXBuildFile; fileRef = E94D2AEE22B7A81300FF4AD5 /* DKDSecureMessage.m */; };
		E94D2AFD22B7A81500FF4AD5 /* DKDMessage.h in Headers */ = {isa = PBXBuildFile; fileRef = E94D2AEF22B7A81400FF4AD5 /* DKDMessage.h */; settings = {ATTRIBUTES = (Public, ); }; };
		E94D2AFE22B7A81500FF4AD5 /* DKDSecureMessage+Packing.m in Sources */ = {isa = PBXBuildFile; fileRef = E94D2AF022B7A81400FF4AD5 /* DKDSecureMessage+Packing.m */; };
		E94D2AFF22B7A81500FF4AD5 /* DKDInstantMessage.h in Headers */ = {isa = PBXBuildFile; fileRef = E94D2AF122B7A81400FF4AD5 /* DKDInstantMessage.h */; settings = {ATTRIBUTES = (Public, ); }; };
		E94D2B0022B7A81500FF4AD5 /* DKDInstantMessage.m in Sources */ = {isa = PBXBuildFile; fileRef = E94D2AF222B7A81400FF4AD5 /* DKDInstantMessage.m */; };
		E94D2B0122B7A81500FF4AD5 /* DKDMessage.m in Sources */ = {isa = PBXBuildFile; fileRef = E94D2AF322B7A81400FF4AD5 /* DKDMessage.m */; };
		E94D2B0222B7A81500FF4AD5 /* DKDSecureMessage.h in Headers */ = {isa = PBXBuildFile; fileRef = E94D2AF422B7A81400FF4AD5 /* DKDSecureMessage.h */; settings = {ATTRIBUTES = (Public, ); }; };
		E94D2B0322B7A81500FF4AD5 /* DKDMessage+Transform.h in Headers */ = {isa = PBXBuildFile; fileRef = E94D2AF522B7A81400FF4AD5 /* DKDMessage+Transform.h */; settings = {ATTRIBUTES = (Public, ); }; };
		E94D2B0422B7A81500FF4AD5 /* DKDEnvelope.h in Headers */ = {isa = PBXBuildFile; fileRef = E94D2AF622B7A81400FF4AD5 /* DKDEnvelope.h */; settings = {ATTRIBUTES = (Public, ); }; };
		E94D2B0522B7A81500FF4AD5 /* DKDEnvelope.m in Sources */ = {isa = PBXBuildFile; fileRef = E94D2AF722B7A81400FF4AD5 /* DKDEnvelope.m */; };
		E94D2B0622B7A81500FF4AD5 /* DKDReliableMessage.h in Headers */ = {isa = PBXBuildFile; fileRef = E94D2AF822B7A81400FF4AD5 /* DKDReliableMessage.h */; settings = {ATTRIBUTES = (Public, ); }; };
		E94D2B0722B7A81500FF4AD5 /* DKDReliableMessage.m in Sources */ = {isa = PBXBuildFile; fileRef = E94D2AF922B7A81400FF4AD5 /* DKDReliableMessage.m */; };
		E94D2B0822B7A81500FF4AD5 /* DKDSecureMessage+Packing.h in Headers */ = {isa = PBXBuildFile; fileRef = E94D2AFA22B7A81500FF4AD5 /* DKDSecureMessage+Packing.h */; settings = {ATTRIBUTES = (Public, ); }; };
		E94D2B0B22B7A87A00FF4AD5 /* DKDContent.h in Headers */ = {isa = PBXBuildFile; fileRef = E94D2B0922B7A87A00FF4AD5 /* DKDContent.h */; settings = {ATTRIBUTES = (Public, ); }; };
		E94D2B0C22B7A87A00FF4AD5 /* DKDContent.m in Sources */ = {isa = PBXBuildFile; fileRef = E94D2B0A22B7A87A00FF4AD5 /* DKDContent.m */; };
		E94D2B1422B7B1B300FF4AD5 /* DKDTextContent.m in Sources */ = {isa = PBXBuildFile; fileRef = E94D2B1322B7B1B300FF4AD5 /* DKDTextContent.m */; };
		E9BBBD31223A506000E6ACDA /* NSDate+Timestamp.h in Headers */ = {isa = PBXBuildFile; fileRef = E9BBBD2F223A506000E6ACDA /* NSDate+Timestamp.h */; };
		E9BBBD32223A506000E6ACDA /* NSDate+Timestamp.m in Sources */ = {isa = PBXBuildFile; fileRef = E9BBBD30223A506000E6ACDA /* NSDate+Timestamp.m */; };
		E9F3A9BB21CBC160009690F6 /* DaoKeDao.framework in Frameworks */ = {isa = PBXBuildFile; fileRef = E9F3A9B121CBC160009690F6 /* DaoKeDao.framework */; };
		E9F3A9C021CBC160009690F6 /* DaoKeDaoTests.m in Sources */ = {isa = PBXBuildFile; fileRef = E9F3A9BF21CBC160009690F6 /* DaoKeDaoTests.m */; };
		E9F3AA0221CBC17F009690F6 /* DKDDictionary.h in Headers */ = {isa = PBXBuildFile; fileRef = E9F3A9D521CBC17E009690F6 /* DKDDictionary.h */; settings = {ATTRIBUTES = (Public, ); }; };
		E9F3AA0321CBC17F009690F6 /* DKDDictionary.m in Sources */ = {isa = PBXBuildFile; fileRef = E9F3A9D621CBC17E009690F6 /* DKDDictionary.m */; };
		E9F3AA2521CBC17F009690F6 /* DaoKeDao.h in Headers */ = {isa = PBXBuildFile; fileRef = E9F3A9FA21CBC17E009690F6 /* DaoKeDao.h */; settings = {ATTRIBUTES = (Public, ); }; };
/* End PBXBuildFile section */

/* Begin PBXContainerItemProxy section */
		E9F3A9BC21CBC160009690F6 /* PBXContainerItemProxy */ = {
			isa = PBXContainerItemProxy;
			containerPortal = E9F3A9A821CBC160009690F6 /* Project object */;
			proxyType = 1;
			remoteGlobalIDString = E9F3A9B021CBC160009690F6;
			remoteInfo = DaoKeDao;
		};
/* End PBXContainerItemProxy section */

/* Begin PBXFileReference section */
		E94D2AED22B7A81300FF4AD5 /* DKDMessage+Transform.m */ = {isa = PBXFileReference; fileEncoding = 4; lastKnownFileType = sourcecode.c.objc; path = "DKDMessage+Transform.m"; sourceTree = "<group>"; };
		E94D2AEE22B7A81300FF4AD5 /* DKDSecureMessage.m */ = {isa = PBXFileReference; fileEncoding = 4; lastKnownFileType = sourcecode.c.objc; path = DKDSecureMessage.m; sourceTree = "<group>"; };
		E94D2AEF22B7A81400FF4AD5 /* DKDMessage.h */ = {isa = PBXFileReference; fileEncoding = 4; lastKnownFileType = sourcecode.c.h; path = DKDMessage.h; sourceTree = "<group>"; };
		E94D2AF022B7A81400FF4AD5 /* DKDSecureMessage+Packing.m */ = {isa = PBXFileReference; fileEncoding = 4; lastKnownFileType = sourcecode.c.objc; path = "DKDSecureMessage+Packing.m"; sourceTree = "<group>"; };
		E94D2AF122B7A81400FF4AD5 /* DKDInstantMessage.h */ = {isa = PBXFileReference; fileEncoding = 4; lastKnownFileType = sourcecode.c.h; path = DKDInstantMessage.h; sourceTree = "<group>"; };
		E94D2AF222B7A81400FF4AD5 /* DKDInstantMessage.m */ = {isa = PBXFileReference; fileEncoding = 4; lastKnownFileType = sourcecode.c.objc; path = DKDInstantMessage.m; sourceTree = "<group>"; };
		E94D2AF322B7A81400FF4AD5 /* DKDMessage.m */ = {isa = PBXFileReference; fileEncoding = 4; lastKnownFileType = sourcecode.c.objc; path = DKDMessage.m; sourceTree = "<group>"; };
		E94D2AF422B7A81400FF4AD5 /* DKDSecureMessage.h */ = {isa = PBXFileReference; fileEncoding = 4; lastKnownFileType = sourcecode.c.h; path = DKDSecureMessage.h; sourceTree = "<group>"; };
		E94D2AF522B7A81400FF4AD5 /* DKDMessage+Transform.h */ = {isa = PBXFileReference; fileEncoding = 4; lastKnownFileType = sourcecode.c.h; path = "DKDMessage+Transform.h"; sourceTree = "<group>"; };
		E94D2AF622B7A81400FF4AD5 /* DKDEnvelope.h */ = {isa = PBXFileReference; fileEncoding = 4; lastKnownFileType = sourcecode.c.h; path = DKDEnvelope.h; sourceTree = "<group>"; };
		E94D2AF722B7A81400FF4AD5 /* DKDEnvelope.m */ = {isa = PBXFileReference; fileEncoding = 4; lastKnownFileType = sourcecode.c.objc; path = DKDEnvelope.m; sourceTree = "<group>"; };
		E94D2AF822B7A81400FF4AD5 /* DKDReliableMessage.h */ = {isa = PBXFileReference; fileEncoding = 4; lastKnownFileType = sourcecode.c.h; path = DKDReliableMessage.h; sourceTree = "<group>"; };
		E94D2AF922B7A81400FF4AD5 /* DKDReliableMessage.m */ = {isa = PBXFileReference; fileEncoding = 4; lastKnownFileType = sourcecode.c.objc; path = DKDReliableMessage.m; sourceTree = "<group>"; };
		E94D2AFA22B7A81500FF4AD5 /* DKDSecureMessage+Packing.h */ = {isa = PBXFileReference; fileEncoding = 4; lastKnownFileType = sourcecode.c.h; path = "DKDSecureMessage+Packing.h"; sourceTree = "<group>"; };
		E94D2B0922B7A87A00FF4AD5 /* DKDContent.h */ = {isa = PBXFileReference; lastKnownFileType = sourcecode.c.h; path = DKDContent.h; sourceTree = "<group>"; };
		E94D2B0A22B7A87A00FF4AD5 /* DKDContent.m */ = {isa = PBXFileReference; lastKnownFileType = sourcecode.c.objc; path = DKDContent.m; sourceTree = "<group>"; };
		E94D2B1222B7B1B300FF4AD5 /* DKDTextContent.h */ = {isa = PBXFileReference; lastKnownFileType = sourcecode.c.h; path = DKDTextContent.h; sourceTree = "<group>"; };
		E94D2B1322B7B1B300FF4AD5 /* DKDTextContent.m */ = {isa = PBXFileReference; lastKnownFileType = sourcecode.c.objc; path = DKDTextContent.m; sourceTree = "<group>"; };
		E9BBBD2F223A506000E6ACDA /* NSDate+Timestamp.h */ = {isa = PBXFileReference; fileEncoding = 4; lastKnownFileType = sourcecode.c.h; path = "NSDate+Timestamp.h"; sourceTree = "<group>"; };
		E9BBBD30223A506000E6ACDA /* NSDate+Timestamp.m */ = {isa = PBXFileReference; fileEncoding = 4; lastKnownFileType = sourcecode.c.objc; path = "NSDate+Timestamp.m"; sourceTree = "<group>"; };
		E9F3A9B121CBC160009690F6 /* DaoKeDao.framework */ = {isa = PBXFileReference; explicitFileType = wrapper.framework; includeInIndex = 0; path = DaoKeDao.framework; sourceTree = BUILT_PRODUCTS_DIR; };
		E9F3A9B521CBC160009690F6 /* Info.plist */ = {isa = PBXFileReference; lastKnownFileType = text.plist.xml; path = Info.plist; sourceTree = "<group>"; };
		E9F3A9BA21CBC160009690F6 /* DaoKeDaoTests.xctest */ = {isa = PBXFileReference; explicitFileType = wrapper.cfbundle; includeInIndex = 0; path = DaoKeDaoTests.xctest; sourceTree = BUILT_PRODUCTS_DIR; };
		E9F3A9BF21CBC160009690F6 /* DaoKeDaoTests.m */ = {isa = PBXFileReference; lastKnownFileType = sourcecode.c.objc; path = DaoKeDaoTests.m; sourceTree = "<group>"; };
		E9F3A9C121CBC160009690F6 /* Info.plist */ = {isa = PBXFileReference; lastKnownFileType = text.plist.xml; path = Info.plist; sourceTree = "<group>"; };
		E9F3A9D521CBC17E009690F6 /* DKDDictionary.h */ = {isa = PBXFileReference; fileEncoding = 4; lastKnownFileType = sourcecode.c.h; path = DKDDictionary.h; sourceTree = "<group>"; };
		E9F3A9D621CBC17E009690F6 /* DKDDictionary.m */ = {isa = PBXFileReference; fileEncoding = 4; lastKnownFileType = sourcecode.c.objc; path = DKDDictionary.m; sourceTree = "<group>"; };
		E9F3A9FA21CBC17E009690F6 /* DaoKeDao.h */ = {isa = PBXFileReference; fileEncoding = 4; lastKnownFileType = sourcecode.c.h; path = DaoKeDao.h; sourceTree = "<group>"; };
/* End PBXFileReference section */

/* Begin PBXFrameworksBuildPhase section */
		E9F3A9AE21CBC160009690F6 /* Frameworks */ = {
			isa = PBXFrameworksBuildPhase;
			buildActionMask = 2147483647;
			files = (
			);
			runOnlyForDeploymentPostprocessing = 0;
		};
		E9F3A9B721CBC160009690F6 /* Frameworks */ = {
			isa = PBXFrameworksBuildPhase;
			buildActionMask = 2147483647;
			files = (
				E9F3A9BB21CBC160009690F6 /* DaoKeDao.framework in Frameworks */,
			);
			runOnlyForDeploymentPostprocessing = 0;
		};
/* End PBXFrameworksBuildPhase section */

/* Begin PBXGroup section */
		E9BBBD2E223A506000E6ACDA /* extends */ = {
			isa = PBXGroup;
			children = (
				E9BBBD2F223A506000E6ACDA /* NSDate+Timestamp.h */,
				E9BBBD30223A506000E6ACDA /* NSDate+Timestamp.m */,
			);
			path = extends;
			sourceTree = "<group>";
		};
		E9F3A9A721CBC160009690F6 = {
			isa = PBXGroup;
			children = (
				E9F3A9CB21CBC17E009690F6 /* Classes */,
				E9F3A9B321CBC160009690F6 /* DaoKeDao */,
				E9F3A9BE21CBC160009690F6 /* DaoKeDaoTests */,
				E9F3A9B221CBC160009690F6 /* Products */,
				E9F3AA2F21CBC21B009690F6 /* Frameworks */,
			);
			sourceTree = "<group>";
		};
		E9F3A9B221CBC160009690F6 /* Products */ = {
			isa = PBXGroup;
			children = (
				E9F3A9B121CBC160009690F6 /* DaoKeDao.framework */,
				E9F3A9BA21CBC160009690F6 /* DaoKeDaoTests.xctest */,
			);
			name = Products;
			sourceTree = "<group>";
		};
		E9F3A9B321CBC160009690F6 /* DaoKeDao */ = {
			isa = PBXGroup;
			children = (
				E9F3A9B521CBC160009690F6 /* Info.plist */,
			);
			path = DaoKeDao;
			sourceTree = "<group>";
		};
		E9F3A9BE21CBC160009690F6 /* DaoKeDaoTests */ = {
			isa = PBXGroup;
			children = (
				E9F3A9BF21CBC160009690F6 /* DaoKeDaoTests.m */,
				E94D2B1222B7B1B300FF4AD5 /* DKDTextContent.h */,
				E94D2B1322B7B1B300FF4AD5 /* DKDTextContent.m */,
				E9F3A9C121CBC160009690F6 /* Info.plist */,
			);
			path = DaoKeDaoTests;
			sourceTree = "<group>";
		};
		E9F3A9CB21CBC17E009690F6 /* Classes */ = {
			isa = PBXGroup;
			children = (
				E9BBBD2E223A506000E6ACDA /* extends */,
				E9F3A9D421CBC17E009690F6 /* types */,
				E94D2AF622B7A81400FF4AD5 /* DKDEnvelope.h */,
				E94D2AF722B7A81400FF4AD5 /* DKDEnvelope.m */,
				E94D2B0922B7A87A00FF4AD5 /* DKDContent.h */,
				E94D2B0A22B7A87A00FF4AD5 /* DKDContent.m */,
				E94D2AEF22B7A81400FF4AD5 /* DKDMessage.h */,
				E94D2AF322B7A81400FF4AD5 /* DKDMessage.m */,
				E94D2AF122B7A81400FF4AD5 /* DKDInstantMessage.h */,
				E94D2AF222B7A81400FF4AD5 /* DKDInstantMessage.m */,
				E94D2AF422B7A81400FF4AD5 /* DKDSecureMessage.h */,
				E94D2AEE22B7A81300FF4AD5 /* DKDSecureMessage.m */,
				E94D2AFA22B7A81500FF4AD5 /* DKDSecureMessage+Packing.h */,
				E94D2AF022B7A81400FF4AD5 /* DKDSecureMessage+Packing.m */,
				E94D2AF822B7A81400FF4AD5 /* DKDReliableMessage.h */,
				E94D2AF922B7A81400FF4AD5 /* DKDReliableMessage.m */,
				E94D2AF522B7A81400FF4AD5 /* DKDMessage+Transform.h */,
				E94D2AED22B7A81300FF4AD5 /* DKDMessage+Transform.m */,
				E9F3A9FA21CBC17E009690F6 /* DaoKeDao.h */,
			);
			name = Classes;
			path = ../Classes;
			sourceTree = "<group>";
		};
		E9F3A9D421CBC17E009690F6 /* types */ = {
			isa = PBXGroup;
			children = (
				E9F3A9D521CBC17E009690F6 /* DKDDictionary.h */,
				E9F3A9D621CBC17E009690F6 /* DKDDictionary.m */,
			);
			path = types;
			sourceTree = "<group>";
		};
		E9F3AA2F21CBC21B009690F6 /* Frameworks */ = {
			isa = PBXGroup;
			children = (
			);
			name = Frameworks;
			sourceTree = "<group>";
		};
/* End PBXGroup section */

/* Begin PBXHeadersBuildPhase section */
		E9F3A9AC21CBC160009690F6 /* Headers */ = {
			isa = PBXHeadersBuildPhase;
			buildActionMask = 2147483647;
			files = (
				E9F3AA0221CBC17F009690F6 /* DKDDictionary.h in Headers */,
				E94D2B0422B7A81500FF4AD5 /* DKDEnvelope.h in Headers */,
				E94D2B0B22B7A87A00FF4AD5 /* DKDContent.h in Headers */,
				E94D2AFD22B7A81500FF4AD5 /* DKDMessage.h in Headers */,
				E94D2AFF22B7A81500FF4AD5 /* DKDInstantMessage.h in Headers */,
				E94D2B0222B7A81500FF4AD5 /* DKDSecureMessage.h in Headers */,
				E94D2B0822B7A81500FF4AD5 /* DKDSecureMessage+Packing.h in Headers */,
				E94D2B0622B7A81500FF4AD5 /* DKDReliableMessage.h in Headers */,
				E94D2B0322B7A81500FF4AD5 /* DKDMessage+Transform.h in Headers */,
				E9F3AA2521CBC17F009690F6 /* DaoKeDao.h in Headers */,
				E9BBBD31223A506000E6ACDA /* NSDate+Timestamp.h in Headers */,
			);
			runOnlyForDeploymentPostprocessing = 0;
		};
/* End PBXHeadersBuildPhase section */

/* Begin PBXNativeTarget section */
		E9F3A9B021CBC160009690F6 /* DaoKeDao */ = {
			isa = PBXNativeTarget;
			buildConfigurationList = E9F3A9C521CBC160009690F6 /* Build configuration list for PBXNativeTarget "DaoKeDao" */;
			buildPhases = (
				E9F3A9AC21CBC160009690F6 /* Headers */,
				E9F3A9AD21CBC160009690F6 /* Sources */,
				E9F3A9AE21CBC160009690F6 /* Frameworks */,
				E9F3A9AF21CBC160009690F6 /* Resources */,
			);
			buildRules = (
			);
			dependencies = (
			);
			name = DaoKeDao;
			productName = DaoKeDao;
			productReference = E9F3A9B121CBC160009690F6 /* DaoKeDao.framework */;
			productType = "com.apple.product-type.framework";
		};
		E9F3A9B921CBC160009690F6 /* DaoKeDaoTests */ = {
			isa = PBXNativeTarget;
			buildConfigurationList = E9F3A9C821CBC160009690F6 /* Build configuration list for PBXNativeTarget "DaoKeDaoTests" */;
			buildPhases = (
				E9F3A9B621CBC160009690F6 /* Sources */,
				E9F3A9B721CBC160009690F6 /* Frameworks */,
				E9F3A9B821CBC160009690F6 /* Resources */,
			);
			buildRules = (
			);
			dependencies = (
				E9F3A9BD21CBC160009690F6 /* PBXTargetDependency */,
			);
			name = DaoKeDaoTests;
			productName = DaoKeDaoTests;
			productReference = E9F3A9BA21CBC160009690F6 /* DaoKeDaoTests.xctest */;
			productType = "com.apple.product-type.bundle.unit-test";
		};
/* End PBXNativeTarget section */

/* Begin PBXProject section */
		E9F3A9A821CBC160009690F6 /* Project object */ = {
			isa = PBXProject;
			attributes = {
				LastUpgradeCheck = 1010;
				ORGANIZATIONNAME = "DIM Group";
				TargetAttributes = {
					E9F3A9B021CBC160009690F6 = {
						CreatedOnToolsVersion = 10.1;
					};
					E9F3A9B921CBC160009690F6 = {
						CreatedOnToolsVersion = 10.1;
					};
				};
			};
			buildConfigurationList = E9F3A9AB21CBC160009690F6 /* Build configuration list for PBXProject "DaoKeDao" */;
			compatibilityVersion = "Xcode 9.3";
			developmentRegion = en;
			hasScannedForEncodings = 0;
			knownRegions = (
				en,
				Base,
			);
			mainGroup = E9F3A9A721CBC160009690F6;
			productRefGroup = E9F3A9B221CBC160009690F6 /* Products */;
			projectDirPath = "";
			projectRoot = "";
			targets = (
				E9F3A9B021CBC160009690F6 /* DaoKeDao */,
				E9F3A9B921CBC160009690F6 /* DaoKeDaoTests */,
			);
		};
/* End PBXProject section */

/* Begin PBXResourcesBuildPhase section */
		E9F3A9AF21CBC160009690F6 /* Resources */ = {
			isa = PBXResourcesBuildPhase;
			buildActionMask = 2147483647;
			files = (
			);
			runOnlyForDeploymentPostprocessing = 0;
		};
		E9F3A9B821CBC160009690F6 /* Resources */ = {
			isa = PBXResourcesBuildPhase;
			buildActionMask = 2147483647;
			files = (
			);
			runOnlyForDeploymentPostprocessing = 0;
		};
/* End PBXResourcesBuildPhase section */

/* Begin PBXSourcesBuildPhase section */
		E9F3A9AD21CBC160009690F6 /* Sources */ = {
			isa = PBXSourcesBuildPhase;
			buildActionMask = 2147483647;
			files = (
				E94D2AFC22B7A81500FF4AD5 /* DKDSecureMessage.m in Sources */,
				E94D2B0722B7A81500FF4AD5 /* DKDReliableMessage.m in Sources */,
				E94D2AFE22B7A81500FF4AD5 /* DKDSecureMessage+Packing.m in Sources */,
				E94D2B0C22B7A87A00FF4AD5 /* DKDContent.m in Sources */,
				E94D2AFB22B7A81500FF4AD5 /* DKDMessage+Transform.m in Sources */,
				E9F3AA0321CBC17F009690F6 /* DKDDictionary.m in Sources */,
				E9BBBD32223A506000E6ACDA /* NSDate+Timestamp.m in Sources */,
				E94D2B0522B7A81500FF4AD5 /* DKDEnvelope.m in Sources */,
				E94D2B0122B7A81500FF4AD5 /* DKDMessage.m in Sources */,
				E94D2B0022B7A81500FF4AD5 /* DKDInstantMessage.m in Sources */,
			);
			runOnlyForDeploymentPostprocessing = 0;
		};
		E9F3A9B621CBC160009690F6 /* Sources */ = {
			isa = PBXSourcesBuildPhase;
			buildActionMask = 2147483647;
			files = (
				E9F3A9C021CBC160009690F6 /* DaoKeDaoTests.m in Sources */,
				E94D2B1422B7B1B300FF4AD5 /* DKDTextContent.m in Sources */,
			);
			runOnlyForDeploymentPostprocessing = 0;
		};
/* End PBXSourcesBuildPhase section */

/* Begin PBXTargetDependency section */
		E9F3A9BD21CBC160009690F6 /* PBXTargetDependency */ = {
			isa = PBXTargetDependency;
			target = E9F3A9B021CBC160009690F6 /* DaoKeDao */;
			targetProxy = E9F3A9BC21CBC160009690F6 /* PBXContainerItemProxy */;
		};
/* End PBXTargetDependency section */

/* Begin XCBuildConfiguration section */
		E9F3A9C321CBC160009690F6 /* Debug */ = {
			isa = XCBuildConfiguration;
			buildSettings = {
				ALWAYS_SEARCH_USER_PATHS = NO;
				CLANG_ANALYZER_NONNULL = YES;
				CLANG_ANALYZER_NUMBER_OBJECT_CONVERSION = YES_AGGRESSIVE;
				CLANG_CXX_LANGUAGE_STANDARD = "gnu++14";
				CLANG_CXX_LIBRARY = "libc++";
				CLANG_ENABLE_MODULES = YES;
				CLANG_ENABLE_OBJC_ARC = YES;
				CLANG_ENABLE_OBJC_WEAK = YES;
				CLANG_WARN_BLOCK_CAPTURE_AUTORELEASING = YES;
				CLANG_WARN_BOOL_CONVERSION = YES;
				CLANG_WARN_COMMA = YES;
				CLANG_WARN_CONSTANT_CONVERSION = YES;
				CLANG_WARN_DEPRECATED_OBJC_IMPLEMENTATIONS = YES;
				CLANG_WARN_DIRECT_OBJC_ISA_USAGE = YES_ERROR;
				CLANG_WARN_DOCUMENTATION_COMMENTS = YES;
				CLANG_WARN_EMPTY_BODY = YES;
				CLANG_WARN_ENUM_CONVERSION = YES;
				CLANG_WARN_INFINITE_RECURSION = YES;
				CLANG_WARN_INT_CONVERSION = YES;
				CLANG_WARN_NON_LITERAL_NULL_CONVERSION = YES;
				CLANG_WARN_OBJC_IMPLICIT_RETAIN_SELF = YES;
				CLANG_WARN_OBJC_LITERAL_CONVERSION = YES;
				CLANG_WARN_OBJC_ROOT_CLASS = YES_ERROR;
				CLANG_WARN_RANGE_LOOP_ANALYSIS = YES;
				CLANG_WARN_STRICT_PROTOTYPES = YES;
				CLANG_WARN_SUSPICIOUS_MOVE = YES;
				CLANG_WARN_UNGUARDED_AVAILABILITY = YES_AGGRESSIVE;
				CLANG_WARN_UNREACHABLE_CODE = YES;
				CLANG_WARN__DUPLICATE_METHOD_MATCH = YES;
				CODE_SIGN_IDENTITY = "iPhone Developer";
				COPY_PHASE_STRIP = NO;
				CURRENT_PROJECT_VERSION = 1;
				DEBUG_INFORMATION_FORMAT = dwarf;
				ENABLE_STRICT_OBJC_MSGSEND = YES;
				ENABLE_TESTABILITY = YES;
				GCC_C_LANGUAGE_STANDARD = gnu11;
				GCC_DYNAMIC_NO_PIC = NO;
				GCC_NO_COMMON_BLOCKS = YES;
				GCC_OPTIMIZATION_LEVEL = 0;
				GCC_PREPROCESSOR_DEFINITIONS = (
					"DEBUG=1",
					"$(inherited)",
				);
				GCC_WARN_64_TO_32_BIT_CONVERSION = YES;
				GCC_WARN_ABOUT_RETURN_TYPE = YES_ERROR;
				GCC_WARN_UNDECLARED_SELECTOR = YES;
				GCC_WARN_UNINITIALIZED_AUTOS = YES_AGGRESSIVE;
				GCC_WARN_UNUSED_FUNCTION = YES;
				GCC_WARN_UNUSED_VARIABLE = YES;
				HEADER_SEARCH_PATHS = "";
				IPHONEOS_DEPLOYMENT_TARGET = 11.0;
				MTL_ENABLE_DEBUG_INFO = INCLUDE_SOURCE;
				MTL_FAST_MATH = YES;
				ONLY_ACTIVE_ARCH = YES;
				SDKROOT = iphoneos;
				VERSIONING_SYSTEM = "apple-generic";
				VERSION_INFO_PREFIX = "";
			};
			name = Debug;
		};
		E9F3A9C421CBC160009690F6 /* Release */ = {
			isa = XCBuildConfiguration;
			buildSettings = {
				ALWAYS_SEARCH_USER_PATHS = NO;
				CLANG_ANALYZER_NONNULL = YES;
				CLANG_ANALYZER_NUMBER_OBJECT_CONVERSION = YES_AGGRESSIVE;
				CLANG_CXX_LANGUAGE_STANDARD = "gnu++14";
				CLANG_CXX_LIBRARY = "libc++";
				CLANG_ENABLE_MODULES = YES;
				CLANG_ENABLE_OBJC_ARC = YES;
				CLANG_ENABLE_OBJC_WEAK = YES;
				CLANG_WARN_BLOCK_CAPTURE_AUTORELEASING = YES;
				CLANG_WARN_BOOL_CONVERSION = YES;
				CLANG_WARN_COMMA = YES;
				CLANG_WARN_CONSTANT_CONVERSION = YES;
				CLANG_WARN_DEPRECATED_OBJC_IMPLEMENTATIONS = YES;
				CLANG_WARN_DIRECT_OBJC_ISA_USAGE = YES_ERROR;
				CLANG_WARN_DOCUMENTATION_COMMENTS = YES;
				CLANG_WARN_EMPTY_BODY = YES;
				CLANG_WARN_ENUM_CONVERSION = YES;
				CLANG_WARN_INFINITE_RECURSION = YES;
				CLANG_WARN_INT_CONVERSION = YES;
				CLANG_WARN_NON_LITERAL_NULL_CONVERSION = YES;
				CLANG_WARN_OBJC_IMPLICIT_RETAIN_SELF = YES;
				CLANG_WARN_OBJC_LITERAL_CONVERSION = YES;
				CLANG_WARN_OBJC_ROOT_CLASS = YES_ERROR;
				CLANG_WARN_RANGE_LOOP_ANALYSIS = YES;
				CLANG_WARN_STRICT_PROTOTYPES = YES;
				CLANG_WARN_SUSPICIOUS_MOVE = YES;
				CLANG_WARN_UNGUARDED_AVAILABILITY = YES_AGGRESSIVE;
				CLANG_WARN_UNREACHABLE_CODE = YES;
				CLANG_WARN__DUPLICATE_METHOD_MATCH = YES;
				CODE_SIGN_IDENTITY = "iPhone Developer";
				COPY_PHASE_STRIP = NO;
				CURRENT_PROJECT_VERSION = 1;
				DEBUG_INFORMATION_FORMAT = "dwarf-with-dsym";
				ENABLE_NS_ASSERTIONS = NO;
				ENABLE_STRICT_OBJC_MSGSEND = YES;
				GCC_C_LANGUAGE_STANDARD = gnu11;
				GCC_NO_COMMON_BLOCKS = YES;
				GCC_WARN_64_TO_32_BIT_CONVERSION = YES;
				GCC_WARN_ABOUT_RETURN_TYPE = YES_ERROR;
				GCC_WARN_UNDECLARED_SELECTOR = YES;
				GCC_WARN_UNINITIALIZED_AUTOS = YES_AGGRESSIVE;
				GCC_WARN_UNUSED_FUNCTION = YES;
				GCC_WARN_UNUSED_VARIABLE = YES;
				HEADER_SEARCH_PATHS = "";
				IPHONEOS_DEPLOYMENT_TARGET = 11.0;
				MTL_ENABLE_DEBUG_INFO = NO;
				MTL_FAST_MATH = YES;
				SDKROOT = iphoneos;
				VALIDATE_PRODUCT = YES;
				VERSIONING_SYSTEM = "apple-generic";
				VERSION_INFO_PREFIX = "";
			};
			name = Release;
		};
		E9F3A9C621CBC160009690F6 /* Debug */ = {
			isa = XCBuildConfiguration;
			buildSettings = {
				CODE_SIGN_IDENTITY = "";
				CODE_SIGN_STYLE = Automatic;
				DEFINES_MODULE = YES;
				DEVELOPMENT_TEAM = JUVC7SZJE7;
				DYLIB_COMPATIBILITY_VERSION = 1;
				DYLIB_CURRENT_VERSION = 1;
				DYLIB_INSTALL_NAME_BASE = "@rpath";
				INFOPLIST_FILE = DaoKeDao/Info.plist;
				INSTALL_PATH = "$(LOCAL_LIBRARY_DIR)/Frameworks";
				IPHONEOS_DEPLOYMENT_TARGET = 11.0;
				LD_RUNPATH_SEARCH_PATHS = (
					"$(inherited)",
					"@executable_path/Frameworks",
					"@loader_path/Frameworks",
				);
				PRODUCT_BUNDLE_IDENTIFIER = DIM.DaoKeDao;
				PRODUCT_NAME = "$(TARGET_NAME:c99extidentifier)";
				SKIP_INSTALL = YES;
				TARGETED_DEVICE_FAMILY = "1,2";
			};
			name = Debug;
		};
		E9F3A9C721CBC160009690F6 /* Release */ = {
			isa = XCBuildConfiguration;
			buildSettings = {
				CODE_SIGN_IDENTITY = "";
				CODE_SIGN_STYLE = Automatic;
				DEFINES_MODULE = YES;
				DEVELOPMENT_TEAM = JUVC7SZJE7;
				DYLIB_COMPATIBILITY_VERSION = 1;
				DYLIB_CURRENT_VERSION = 1;
				DYLIB_INSTALL_NAME_BASE = "@rpath";
				INFOPLIST_FILE = DaoKeDao/Info.plist;
				INSTALL_PATH = "$(LOCAL_LIBRARY_DIR)/Frameworks";
				IPHONEOS_DEPLOYMENT_TARGET = 11.0;
				LD_RUNPATH_SEARCH_PATHS = (
					"$(inherited)",
					"@executable_path/Frameworks",
					"@loader_path/Frameworks",
				);
				PRODUCT_BUNDLE_IDENTIFIER = DIM.DaoKeDao;
				PRODUCT_NAME = "$(TARGET_NAME:c99extidentifier)";
				SKIP_INSTALL = YES;
				TARGETED_DEVICE_FAMILY = "1,2";
			};
			name = Release;
		};
		E9F3A9C921CBC160009690F6 /* Debug */ = {
			isa = XCBuildConfiguration;
			buildSettings = {
				CODE_SIGN_STYLE = Automatic;
				DEVELOPMENT_TEAM = 4N8627W97S;
				INFOPLIST_FILE = DaoKeDaoTests/Info.plist;
				LD_RUNPATH_SEARCH_PATHS = (
					"$(inherited)",
					"@executable_path/Frameworks",
					"@loader_path/Frameworks",
				);
				PRODUCT_BUNDLE_IDENTIFIER = DIM.DaoKeDaoTests;
				PRODUCT_NAME = "$(TARGET_NAME)";
				TARGETED_DEVICE_FAMILY = "1,2";
			};
			name = Debug;
		};
		E9F3A9CA21CBC160009690F6 /* Release */ = {
			isa = XCBuildConfiguration;
			buildSettings = {
				CODE_SIGN_STYLE = Automatic;
				DEVELOPMENT_TEAM = 4N8627W97S;
				INFOPLIST_FILE = DaoKeDaoTests/Info.plist;
				LD_RUNPATH_SEARCH_PATHS = (
					"$(inherited)",
					"@executable_path/Frameworks",
					"@loader_path/Frameworks",
				);
				PRODUCT_BUNDLE_IDENTIFIER = DIM.DaoKeDaoTests;
				PRODUCT_NAME = "$(TARGET_NAME)";
				TARGETED_DEVICE_FAMILY = "1,2";
			};
			name = Release;
		};
/* End XCBuildConfiguration section */

/* Begin XCConfigurationList section */
		E9F3A9AB21CBC160009690F6 /* Build configuration list for PBXProject "DaoKeDao" */ = {
			isa = XCConfigurationList;
			buildConfigurations = (
				E9F3A9C321CBC160009690F6 /* Debug */,
				E9F3A9C421CBC160009690F6 /* Release */,
			);
			defaultConfigurationIsVisible = 0;
			defaultConfigurationName = Release;
		};
		E9F3A9C521CBC160009690F6 /* Build configuration list for PBXNativeTarget "DaoKeDao" */ = {
			isa = XCConfigurationList;
			buildConfigurations = (
				E9F3A9C621CBC160009690F6 /* Debug */,
				E9F3A9C721CBC160009690F6 /* Release */,
			);
			defaultConfigurationIsVisible = 0;
			defaultConfigurationName = Release;
		};
		E9F3A9C821CBC160009690F6 /* Build configuration list for PBXNativeTarget "DaoKeDaoTests" */ = {
			isa = XCConfigurationList;
			buildConfigurations = (
				E9F3A9C921CBC160009690F6 /* Debug */,
				E9F3A9CA21CBC160009690F6 /* Release */,
			);
			defaultConfigurationIsVisible = 0;
			defaultConfigurationName = Release;
		};
/* End XCConfigurationList section */
	};
	rootObject = E9F3A9A821CBC160009690F6 /* Project object */;
}
